
Microsoft Visual Studio Solution File, Format Version 12.00
Project("{FAE04EC0-301F-11D3-BF4B-00C04F79EFBC}") = "WebApplication", "WebApplication\WebApplication.csproj", "{174C34CA-86E6-428E-BCFB-750A27E1B25B}"
EndProject
Project("{FAE04EC0-301F-11D3-BF4B-00C04F79EFBC}") = "Application", "Application\Application.csproj", "{79696311-4E1C-41C9-BB9E-E3E7916FFB6E}"
EndProject
Project("{FAE04EC0-301F-11D3-BF4B-00C04F79EFBC}") = "Domain", "Domain\Domain.csproj", "{C1829296-FE59-46D6-8C8C-0E5411E0308C}"
EndProject
Project("{FAE04EC0-301F-11D3-BF4B-00C04F79EFBC}") = "Infrastructure", "Infrastructure\Infrastructure.csproj", "{6CD9BA49-1CBC-4972-B399-ACAA10054C01}"
EndProject
Global
	GlobalSection(SolutionConfigurationPlatforms) = preSolution
		Debug|Any CPU = Debug|Any CPU
		Release|Any CPU = Release|Any CPU
	EndGlobalSection
	GlobalSection(ProjectConfigurationPlatforms) = postSolution
		{174C34CA-86E6-428E-BCFB-750A27E1B25B}.Debug|Any CPU.ActiveCfg = Debug|Any CPU
		{174C34CA-86E6-428E-BCFB-750A27E1B25B}.Debug|Any CPU.Build.0 = Debug|Any CPU
		{174C34CA-86E6-428E-BCFB-750A27E1B25B}.Release|Any CPU.ActiveCfg = Release|Any CPU
		{174C34CA-86E6-428E-BCFB-750A27E1B25B}.Release|Any CPU.Build.0 = Release|Any CPU
		{79696311-4E1C-41C9-BB9E-E3E7916FFB6E}.Debug|Any CPU.ActiveCfg = Debug|Any CPU
		{79696311-4E1C-41C9-BB9E-E3E7916FFB6E}.Debug|Any CPU.Build.0 = Debug|Any CPU
		{79696311-4E1C-41C9-BB9E-E3E7916FFB6E}.Release|Any CPU.ActiveCfg = Release|Any CPU
		{79696311-4E1C-41C9-BB9E-E3E7916FFB6E}.Release|Any CPU.Build.0 = Release|Any CPU
		{C1829296-FE59-46D6-8C8C-0E5411E0308C}.Debug|Any CPU.ActiveCfg = Debug|Any CPU
		{C1829296-FE59-46D6-8C8C-0E5411E0308C}.Debug|Any CPU.Build.0 = Debug|Any CPU
		{C1829296-FE59-46D6-8C8C-0E5411E0308C}.Release|Any CPU.ActiveCfg = Release|Any CPU
		{C1829296-FE59-46D6-8C8C-0E5411E0308C}.Release|Any CPU.Build.0 = Release|Any CPU
		{6CD9BA49-1CBC-4972-B399-ACAA10054C01}.Debug|Any CPU.ActiveCfg = Debug|Any CPU
		{6CD9BA49-1CBC-4972-B399-ACAA10054C01}.Debug|Any CPU.Build.0 = Debug|Any CPU
		{6CD9BA49-1CBC-4972-B399-ACAA10054C01}.Release|Any CPU.ActiveCfg = Release|Any CPU
		{6CD9BA49-1CBC-4972-B399-ACAA10054C01}.Release|Any CPU.Build.0 = Release|Any CPU
	EndGlobalSection
EndGlobal
